{
  "name": "create-element",
  "version": "1.0.0",
  "lockfileVersion": 1,
  "requires": true,
  "dependencies": {
    "document-config": {
      "version": "github:axtk/document-config#6e1ab282fb4bd2d10867f814f0e0aaa41cb4788b",
      "from": "github:axtk/document-config"
    },
    "escape-html": {
      "version": "1.0.3",
      "resolved": "https://registry.npmjs.org/escape-html/-/escape-html-1.0.3.tgz",
      "integrity": "sha1-Aljq5NPQwJdN4cFpGI7wBR0dGYg="
    },
    "escape-string-regexp": {
      "version": "4.0.0",
      "resolved": "https://registry.npmjs.org/escape-string-regexp/-/escape-string-regexp-4.0.0.tgz",
      "integrity": "sha512-TtpcNJ3XAzx3Gq8sWRzJaVajRs0uVxA2YAkdb1jm2YkPz4G6egUFAyA3n5vtEIZefPk5Wa4UXbKuS5fKkJWdgA=="
    },
    "memory-storage": {
      "version": "github:axtk/memory-storage#867a489f6a3ff151e776a6e2c3293352829a68a3",
      "from": "github:axtk/memory-storage"
    },
    "volatile-storage": {
      "version": "github:axtk/volatile-storage#91ad6aea6ade6343e998831a49693c9eb3efdfc6",
      "from": "github:axtk/volatile-storage",
      "requires": {
        "memory-storage": "github:axtk/memory-storage"
      }
    }
  }
}
